
Microsoft Visual Studio Solution File, Format Version 12.00
# Visual Studio Version 17
VisualStudioVersion = 17.8.34316.72
MinimumVisualStudioVersion = 10.0.40219.1
Project("{FAE04EC0-301F-11D3-BF4B-00C04F79EFBC}") = "Day 1", "Day 1\Day 1.csproj", "{AD73AB49-1133-4ECB-80A1-86D7D82E490C}"
EndProject
Global
	GlobalSection(SolutionConfigurationPlatforms) = preSolution
		Debug|Any CPU = Debug|Any CPU
		Release|Any CPU = Release|Any CPU
	EndGlobalSection
	GlobalSection(ProjectConfigurationPlatforms) = postSolution
		{AD73AB49-1133-4ECB-80A1-86D7D82E490C}.Debug|Any CPU.ActiveCfg = Debug|Any CPU
		{AD73AB49-1133-4ECB-80A1-86D7D82E490C}.Debug|Any CPU.Build.0 = Debug|Any CPU
		{AD73AB49-1133-4ECB-80A1-86D7D82E490C}.Release|Any CPU.ActiveCfg = Release|Any CPU
		{AD73AB49-1133-4ECB-80A1-86D7D82E490C}.Release|Any CPU.Build.0 = Release|Any CPU
	EndGlobalSection
	GlobalSection(SolutionProperties) = preSolution
		HideSolutionNode = FALSE
	EndGlobalSection
	GlobalSection(ExtensibilityGlobals) = postSolution
		SolutionGuid = {C34C3269-F842-4E5C-AE80-B42B24BBFF0B}
	EndGlobalSection
EndGlobal
