
Microsoft Visual Studio Solution File, Format Version 12.00
# Visual Studio Version 17
VisualStudioVersion = 17.8.34316.72
MinimumVisualStudioVersion = 10.0.40219.1
Project("{FAE04EC0-301F-11D3-BF4B-00C04F79EFBC}") = "Day 2", "Day 2\Day 2.csproj", "{B5BC7FD9-2B7F-4696-8F54-0D94BCF6FFF2}"
EndProject
Global
	GlobalSection(SolutionConfigurationPlatforms) = preSolution
		Debug|Any CPU = Debug|Any CPU
		Release|Any CPU = Release|Any CPU
	EndGlobalSection
	GlobalSection(ProjectConfigurationPlatforms) = postSolution
		{B5BC7FD9-2B7F-4696-8F54-0D94BCF6FFF2}.Debug|Any CPU.ActiveCfg = Debug|Any CPU
		{B5BC7FD9-2B7F-4696-8F54-0D94BCF6FFF2}.Debug|Any CPU.Build.0 = Debug|Any CPU
		{B5BC7FD9-2B7F-4696-8F54-0D94BCF6FFF2}.Release|Any CPU.ActiveCfg = Release|Any CPU
		{B5BC7FD9-2B7F-4696-8F54-0D94BCF6FFF2}.Release|Any CPU.Build.0 = Release|Any CPU
	EndGlobalSection
	GlobalSection(SolutionProperties) = preSolution
		HideSolutionNode = FALSE
	EndGlobalSection
	GlobalSection(ExtensibilityGlobals) = postSolution
		SolutionGuid = {3C9A1FF9-F760-4502-A2C1-53C0BB9FAC61}
	EndGlobalSection
EndGlobal
